
Microsoft Visual Studio Solution File, Format Version 12.00
# Visual Studio Version 16
VisualStudioVersion = 16.0.29613.14
MinimumVisualStudioVersion = 10.0.40219.1
Project("{FAE04EC0-301F-11D3-BF4B-00C04F79EFBC}") = "DesignPattern", "DesignPattern\DesignPattern.csproj", "{3B4A00F2-A453-44A2-96E1-8883FD185BFE}"
EndProject
Global
	GlobalSection(SolutionConfigurationPlatforms) = preSolution
		Debug|Any CPU = Debug|Any CPU
		Release|Any CPU = Release|Any CPU
	EndGlobalSection
	GlobalSection(ProjectConfigurationPlatforms) = postSolution
		{3B4A00F2-A453-44A2-96E1-8883FD185BFE}.Debug|Any CPU.ActiveCfg = Debug|Any CPU
		{3B4A00F2-A453-44A2-96E1-8883FD185BFE}.Debug|Any CPU.Build.0 = Debug|Any CPU
		{3B4A00F2-A453-44A2-96E1-8883FD185BFE}.Release|Any CPU.ActiveCfg = Release|Any CPU
		{3B4A00F2-A453-44A2-96E1-8883FD185BFE}.Release|Any CPU.Build.0 = Release|Any CPU
	EndGlobalSection
	GlobalSection(SolutionProperties) = preSolution
		HideSolutionNode = FALSE
	EndGlobalSection
	GlobalSection(ExtensibilityGlobals) = postSolution
		SolutionGuid = {5853B012-6D51-482B-9F9D-85A2406E09F8}
	EndGlobalSection
EndGlobal
